
Microsoft Visual Studio Solution File, Format Version 12.00
# Visual Studio 15
VisualStudioVersion = 15.0.26730.8
MinimumVisualStudioVersion = 10.0.40219.1
Project("{FAE04EC0-301F-11D3-BF4B-00C04F79EFBC}") = "KeyEventArgsHelperSample", "KeyEventArgsHelper\KeyEventArgsHelperSample.csproj", "{A5794828-2EB4-40A3-A78A-C0D0FF066CCF}"
EndProject
Global
	GlobalSection(SolutionConfigurationPlatforms) = preSolution
		Debug|Any CPU = Debug|Any CPU
		Release|Any CPU = Release|Any CPU
	EndGlobalSection
	GlobalSection(ProjectConfigurationPlatforms) = postSolution
		{A5794828-2EB4-40A3-A78A-C0D0FF066CCF}.Debug|Any CPU.ActiveCfg = Debug|Any CPU
		{A5794828-2EB4-40A3-A78A-C0D0FF066CCF}.Debug|Any CPU.Build.0 = Debug|Any CPU
		{A5794828-2EB4-40A3-A78A-C0D0FF066CCF}.Release|Any CPU.ActiveCfg = Release|Any CPU
		{A5794828-2EB4-40A3-A78A-C0D0FF066CCF}.Release|Any CPU.Build.0 = Release|Any CPU
	EndGlobalSection
	GlobalSection(SolutionProperties) = preSolution
		HideSolutionNode = FALSE
	EndGlobalSection
	GlobalSection(ExtensibilityGlobals) = postSolution
		SolutionGuid = {17225EC4-687F-4E96-9BC8-F4308A5539F5}
	EndGlobalSection
EndGlobal
